
Microsoft Visual Studio Solution File, Format Version 12.00
# Visual Studio Version 17
VisualStudioVersion = 17.5.33516.290
MinimumVisualStudioVersion = 10.0.40219.1
Project("{FAE04EC0-301F-11D3-BF4B-00C04F79EFBC}") = "AgendaMedica", "AgendaMedica\AgendaMedica.csproj", "{91352CA1-B2B0-4EB3-8305-3DF64025B583}"
EndProject
Global
	GlobalSection(SolutionConfigurationPlatforms) = preSolution
		Debug|Any CPU = Debug|Any CPU
		Release|Any CPU = Release|Any CPU
	EndGlobalSection
	GlobalSection(ProjectConfigurationPlatforms) = postSolution
		{91352CA1-B2B0-4EB3-8305-3DF64025B583}.Debug|Any CPU.ActiveCfg = Debug|Any CPU
		{91352CA1-B2B0-4EB3-8305-3DF64025B583}.Debug|Any CPU.Build.0 = Debug|Any CPU
		{91352CA1-B2B0-4EB3-8305-3DF64025B583}.Release|Any CPU.ActiveCfg = Release|Any CPU
		{91352CA1-B2B0-4EB3-8305-3DF64025B583}.Release|Any CPU.Build.0 = Release|Any CPU
	EndGlobalSection
	GlobalSection(SolutionProperties) = preSolution
		HideSolutionNode = FALSE
	EndGlobalSection
	GlobalSection(ExtensibilityGlobals) = postSolution
		SolutionGuid = {DA2C8967-F3D5-459D-858A-D5079BFD4888}
	EndGlobalSection
EndGlobal
